
Microsoft Visual Studio Solution File, Format Version 12.00
# Visual Studio 14
VisualStudioVersion = 14.0.25420.1
MinimumVisualStudioVersion = 10.0.40219.1
Project("{FAE04EC0-301F-11D3-BF4B-00C04F79EFBC}") = "PoorMansAccordion", "PoorMansAccordion\PoorMansAccordion\PoorMansAccordion.csproj", "{098370DD-ABDB-41DF-BC6D-F8DD03B84668}"
EndProject
Project("{FAE04EC0-301F-11D3-BF4B-00C04F79EFBC}") = "PoorMansAccordion.Droid", "PoorMansAccordion\PoorMansAccordion.Droid\PoorMansAccordion.Droid.csproj", "{98FD90DF-D2A1-4E10-ADB2-81788AA58267}"
EndProject
Project("{FAE04EC0-301F-11D3-BF4B-00C04F79EFBC}") = "PoorMansAccordion.iOS", "PoorMansAccordion\PoorMansAccordion.iOS\PoorMansAccordion.iOS.csproj", "{935A3BAC-D295-4506-9FE9-C67F66154058}"
EndProject
Project("{FAE04EC0-301F-11D3-BF4B-00C04F79EFBC}") = "PoorMansAccordion.WinPhone", "PoorMansAccordion\PoorMansAccordion.WinPhone\PoorMansAccordion.WinPhone.csproj", "{5B49B042-3D15-4AE3-887E-764D0936474D}"
EndProject
Project("{FAE04EC0-301F-11D3-BF4B-00C04F79EFBC}") = "PoorMansAccordion.UWP", "PoorMansAccordion\PoorMansAccordion.UWP\PoorMansAccordion.UWP.csproj", "{F08FDFD7-4776-4469-A7DC-F05B85C7D466}"
EndProject
Project("{FAE04EC0-301F-11D3-BF4B-00C04F79EFBC}") = "PoorMansAccordion.Windows", "PoorMansAccordion\PoorMansAccordion.Windows\PoorMansAccordion.Windows.csproj", "{012766D7-CE7A-460F-99A0-3A0F27DCB592}"
EndProject
Global
	GlobalSection(SolutionConfigurationPlatforms) = preSolution
		Ad-Hoc|Any CPU = Ad-Hoc|Any CPU
		Ad-Hoc|ARM = Ad-Hoc|ARM
		Ad-Hoc|iPhone = Ad-Hoc|iPhone
		Ad-Hoc|iPhoneSimulator = Ad-Hoc|iPhoneSimulator
		Ad-Hoc|x64 = Ad-Hoc|x64
		Ad-Hoc|x86 = Ad-Hoc|x86
		AppStore|Any CPU = AppStore|Any CPU
		AppStore|ARM = AppStore|ARM
		AppStore|iPhone = AppStore|iPhone
		AppStore|iPhoneSimulator = AppStore|iPhoneSimulator
		AppStore|x64 = AppStore|x64
		AppStore|x86 = AppStore|x86
		Debug|Any CPU = Debug|Any CPU
		Debug|ARM = Debug|ARM
		Debug|iPhone = Debug|iPhone
		Debug|iPhoneSimulator = Debug|iPhoneSimulator
		Debug|x64 = Debug|x64
		Debug|x86 = Debug|x86
		Release|Any CPU = Release|Any CPU
		Release|ARM = Release|ARM
		Release|iPhone = Release|iPhone
		Release|iPhoneSimulator = Release|iPhoneSimulator
		Release|x64 = Release|x64
		Release|x86 = Release|x86
	EndGlobalSection
	GlobalSection(ProjectConfigurationPlatforms) = postSolution
		{098370DD-ABDB-41DF-BC6D-F8DD03B84668}.Ad-Hoc|Any CPU.ActiveCfg = Release|Any CPU
		{098370DD-ABDB-41DF-BC6D-F8DD03B84668}.Ad-Hoc|Any CPU.Build.0 = Release|Any CPU
		{098370DD-ABDB-41DF-BC6D-F8DD03B84668}.Ad-Hoc|ARM.ActiveCfg = Release|Any CPU
		{098370DD-ABDB-41DF-BC6D-F8DD03B84668}.Ad-Hoc|ARM.Build.0 = Release|Any CPU
		{098370DD-ABDB-41DF-BC6D-F8DD03B84668}.Ad-Hoc|iPhone.ActiveCfg = Release|Any CPU
		{098370DD-ABDB-41DF-BC6D-F8DD03B84668}.Ad-Hoc|iPhone.Build.0 = Release|Any CPU
		{098370DD-ABDB-41DF-BC6D-F8DD03B84668}.Ad-Hoc|iPhoneSimulator.ActiveCfg = Release|Any CPU
		{098370DD-ABDB-41DF-BC6D-F8DD03B84668}.Ad-Hoc|iPhoneSimulator.Build.0 = Release|Any CPU
		{098370DD-ABDB-41DF-BC6D-F8DD03B84668}.Ad-Hoc|x64.ActiveCfg = Release|Any CPU
		{098370DD-ABDB-41DF-BC6D-F8DD03B84668}.Ad-Hoc|x64.Build.0 = Release|Any CPU
		{098370DD-ABDB-41DF-BC6D-F8DD03B84668}.Ad-Hoc|x86.ActiveCfg = Release|Any CPU
		{098370DD-ABDB-41DF-BC6D-F8DD03B84668}.Ad-Hoc|x86.Build.0 = Release|Any CPU
		{098370DD-ABDB-41DF-BC6D-F8DD03B84668}.AppStore|Any CPU.ActiveCfg = Release|Any CPU
		{098370DD-ABDB-41DF-BC6D-F8DD03B84668}.AppStore|Any CPU.Build.0 = Release|Any CPU
		{098370DD-ABDB-41DF-BC6D-F8DD03B84668}.AppStore|ARM.ActiveCfg = Release|Any CPU
		{098370DD-ABDB-41DF-BC6D-F8DD03B84668}.AppStore|ARM.Build.0 = Release|Any CPU
		{098370DD-ABDB-41DF-BC6D-F8DD03B84668}.AppStore|iPhone.ActiveCfg = Release|Any CPU
		{098370DD-ABDB-41DF-BC6D-F8DD03B84668}.AppStore|iPhone.Build.0 = Release|Any CPU
		{098370DD-ABDB-41DF-BC6D-F8DD03B84668}.AppStore|iPhoneSimulator.ActiveCfg = Release|Any CPU
		{098370DD-ABDB-41DF-BC6D-F8DD03B84668}.AppStore|iPhoneSimulator.Build.0 = Release|Any CPU
		{098370DD-ABDB-41DF-BC6D-F8DD03B84668}.AppStore|x64.ActiveCfg = Release|Any CPU
		{098370DD-ABDB-41DF-BC6D-F8DD03B84668}.AppStore|x64.Build.0 = Release|Any CPU
		{098370DD-ABDB-41DF-BC6D-F8DD03B84668}.AppStore|x86.ActiveCfg = Release|Any CPU
		{098370DD-ABDB-41DF-BC6D-F8DD03B84668}.AppStore|x86.Build.0 = Release|Any CPU
		{098370DD-ABDB-41DF-BC6D-F8DD03B84668}.Debug|Any CPU.ActiveCfg = Debug|Any CPU
		{098370DD-ABDB-41DF-BC6D-F8DD03B84668}.Debug|Any CPU.Build.0 = Debug|Any CPU
		{098370DD-ABDB-41DF-BC6D-F8DD03B84668}.Debug|ARM.ActiveCfg = Debug|Any CPU
		{098370DD-ABDB-41DF-BC6D-F8DD03B84668}.Debug|ARM.Build.0 = Debug|Any CPU
		{098370DD-ABDB-41DF-BC6D-F8DD03B84668}.Debug|iPhone.ActiveCfg = Debug|Any CPU
		{098370DD-ABDB-41DF-BC6D-F8DD03B84668}.Debug|iPhone.Build.0 = Debug|Any CPU
		{098370DD-ABDB-41DF-BC6D-F8DD03B84668}.Debug|iPhoneSimulator.ActiveCfg = Debug|Any CPU
		{098370DD-ABDB-41DF-BC6D-F8DD03B84668}.Debug|iPhoneSimulator.Build.0 = Debug|Any CPU
		{098370DD-ABDB-41DF-BC6D-F8DD03B84668}.Debug|x64.ActiveCfg = Debug|Any CPU
		{098370DD-ABDB-41DF-BC6D-F8DD03B84668}.Debug|x64.Build.0 = Debug|Any CPU
		{098370DD-ABDB-41DF-BC6D-F8DD03B84668}.Debug|x86.ActiveCfg = Debug|Any CPU
		{098370DD-ABDB-41DF-BC6D-F8DD03B84668}.Debug|x86.Build.0 = Debug|Any CPU
		{098370DD-ABDB-41DF-BC6D-F8DD03B84668}.Release|Any CPU.ActiveCfg = Release|Any CPU
		{098370DD-ABDB-41DF-BC6D-F8DD03B84668}.Release|Any CPU.Build.0 = Release|Any CPU
		{098370DD-ABDB-41DF-BC6D-F8DD03B84668}.Release|ARM.ActiveCfg = Release|Any CPU
		{098370DD-ABDB-41DF-BC6D-F8DD03B84668}.Release|ARM.Build.0 = Release|Any CPU
		{098370DD-ABDB-41DF-BC6D-F8DD03B84668}.Release|iPhone.ActiveCfg = Release|Any CPU
		{098370DD-ABDB-41DF-BC6D-F8DD03B84668}.Release|iPhone.Build.0 = Release|Any CPU
		{098370DD-ABDB-41DF-BC6D-F8DD03B84668}.Release|iPhoneSimulator.ActiveCfg = Release|Any CPU
		{098370DD-ABDB-41DF-BC6D-F8DD03B84668}.Release|iPhoneSimulator.Build.0 = Release|Any CPU
		{098370DD-ABDB-41DF-BC6D-F8DD03B84668}.Release|x64.ActiveCfg = Release|Any CPU
		{098370DD-ABDB-41DF-BC6D-F8DD03B84668}.Release|x64.Build.0 = Release|Any CPU
		{098370DD-ABDB-41DF-BC6D-F8DD03B84668}.Release|x86.ActiveCfg = Release|Any CPU
		{098370DD-ABDB-41DF-BC6D-F8DD03B84668}.Release|x86.Build.0 = Release|Any CPU
		{98FD90DF-D2A1-4E10-ADB2-81788AA58267}.Ad-Hoc|Any CPU.ActiveCfg = Release|Any CPU
		{98FD90DF-D2A1-4E10-ADB2-81788AA58267}.Ad-Hoc|Any CPU.Build.0 = Release|Any CPU
		{98FD90DF-D2A1-4E10-ADB2-81788AA58267}.Ad-Hoc|Any CPU.Deploy.0 = Release|Any CPU
		{98FD90DF-D2A1-4E10-ADB2-81788AA58267}.Ad-Hoc|ARM.ActiveCfg = Release|Any CPU
		{98FD90DF-D2A1-4E10-ADB2-81788AA58267}.Ad-Hoc|ARM.Build.0 = Release|Any CPU
		{98FD90DF-D2A1-4E10-ADB2-81788AA58267}.Ad-Hoc|ARM.Deploy.0 = Release|Any CPU
		{98FD90DF-D2A1-4E10-ADB2-81788AA58267}.Ad-Hoc|iPhone.ActiveCfg = Release|Any CPU
		{98FD90DF-D2A1-4E10-ADB2-81788AA58267}.Ad-Hoc|iPhone.Build.0 = Release|Any CPU
		{98FD90DF-D2A1-4E10-ADB2-81788AA58267}.Ad-Hoc|iPhone.Deploy.0 = Release|Any CPU
		{98FD90DF-D2A1-4E10-ADB2-81788AA58267}.Ad-Hoc|iPhoneSimulator.ActiveCfg = Release|Any CPU
		{98FD90DF-D2A1-4E10-ADB2-81788AA58267}.Ad-Hoc|iPhoneSimulator.Build.0 = Release|Any CPU
		{98FD90DF-D2A1-4E10-ADB2-81788AA58267}.Ad-Hoc|iPhoneSimulator.Deploy.0 = Release|Any CPU
		{98FD90DF-D2A1-4E10-ADB2-81788AA58267}.Ad-Hoc|x64.ActiveCfg = Release|Any CPU
		{98FD90DF-D2A1-4E10-ADB2-81788AA58267}.Ad-Hoc|x64.Build.0 = Release|Any CPU
		{98FD90DF-D2A1-4E10-ADB2-81788AA58267}.Ad-Hoc|x64.Deploy.0 = Release|Any CPU
		{98FD90DF-D2A1-4E10-ADB2-81788AA58267}.Ad-Hoc|x86.ActiveCfg = Release|Any CPU
		{98FD90DF-D2A1-4E10-ADB2-81788AA58267}.Ad-Hoc|x86.Build.0 = Release|Any CPU
		{98FD90DF-D2A1-4E10-ADB2-81788AA58267}.Ad-Hoc|x86.Deploy.0 = Release|Any CPU
		{98FD90DF-D2A1-4E10-ADB2-81788AA58267}.AppStore|Any CPU.ActiveCfg = Release|Any CPU
		{98FD90DF-D2A1-4E10-ADB2-81788AA58267}.AppStore|Any CPU.Build.0 = Release|Any CPU
		{98FD90DF-D2A1-4E10-ADB2-81788AA58267}.AppStore|Any CPU.Deploy.0 = Release|Any CPU
		{98FD90DF-D2A1-4E10-ADB2-81788AA58267}.AppStore|ARM.ActiveCfg = Release|Any CPU
		{98FD90DF-D2A1-4E10-ADB2-81788AA58267}.AppStore|ARM.Build.0 = Release|Any CPU
		{98FD90DF-D2A1-4E10-ADB2-81788AA58267}.AppStore|ARM.Deploy.0 = Release|Any CPU
		{98FD90DF-D2A1-4E10-ADB2-81788AA58267}.AppStore|iPhone.ActiveCfg = Release|Any CPU
		{98FD90DF-D2A1-4E10-ADB2-81788AA58267}.AppStore|iPhone.Build.0 = Release|Any CPU
		{98FD90DF-D2A1-4E10-ADB2-81788AA58267}.AppStore|iPhone.Deploy.0 = Release|Any CPU
		{98FD90DF-D2A1-4E10-ADB2-81788AA58267}.AppStore|iPhoneSimulator.ActiveCfg = Release|Any CPU
		{98FD90DF-D2A1-4E10-ADB2-81788AA58267}.AppStore|iPhoneSimulator.Build.0 = Release|Any CPU
		{98FD90DF-D2A1-4E10-ADB2-81788AA58267}.AppStore|iPhoneSimulator.Deploy.0 = Release|Any CPU
		{98FD90DF-D2A1-4E10-ADB2-81788AA58267}.AppStore|x64.ActiveCfg = Release|Any CPU
		{98FD90DF-D2A1-4E10-ADB2-81788AA58267}.AppStore|x64.Build.0 = Release|Any CPU
		{98FD90DF-D2A1-4E10-ADB2-81788AA58267}.AppStore|x64.Deploy.0 = Release|Any CPU
		{98FD90DF-D2A1-4E10-ADB2-81788AA58267}.AppStore|x86.ActiveCfg = Release|Any CPU
		{98FD90DF-D2A1-4E10-ADB2-81788AA58267}.AppStore|x86.Build.0 = Release|Any CPU
		{98FD90DF-D2A1-4E10-ADB2-81788AA58267}.AppStore|x86.Deploy.0 = Release|Any CPU
		{98FD90DF-D2A1-4E10-ADB2-81788AA58267}.Debug|Any CPU.ActiveCfg = Debug|Any CPU
		{98FD90DF-D2A1-4E10-ADB2-81788AA58267}.Debug|Any CPU.Build.0 = Debug|Any CPU
		{98FD90DF-D2A1-4E10-ADB2-81788AA58267}.Debug|Any CPU.Deploy.0 = Debug|Any CPU
		{98FD90DF-D2A1-4E10-ADB2-81788AA58267}.Debug|ARM.ActiveCfg = Debug|Any CPU
		{98FD90DF-D2A1-4E10-ADB2-81788AA58267}.Debug|ARM.Build.0 = Debug|Any CPU
		{98FD90DF-D2A1-4E10-ADB2-81788AA58267}.Debug|ARM.Deploy.0 = Debug|Any CPU
		{98FD90DF-D2A1-4E10-ADB2-81788AA58267}.Debug|iPhone.ActiveCfg = Debug|Any CPU
		{98FD90DF-D2A1-4E10-ADB2-81788AA58267}.Debug|iPhone.Build.0 = Debug|Any CPU
		{98FD90DF-D2A1-4E10-ADB2-81788AA58267}.Debug|iPhone.Deploy.0 = Debug|Any CPU
		{98FD90DF-D2A1-4E10-ADB2-81788AA58267}.Debug|iPhoneSimulator.ActiveCfg = Debug|Any CPU
		{98FD90DF-D2A1-4E10-ADB2-81788AA58267}.Debug|iPhoneSimulator.Build.0 = Debug|Any CPU
		{98FD90DF-D2A1-4E10-ADB2-81788AA58267}.Debug|iPhoneSimulator.Deploy.0 = Debug|Any CPU
		{98FD90DF-D2A1-4E10-ADB2-81788AA58267}.Debug|x64.ActiveCfg = Debug|Any CPU
		{98FD90DF-D2A1-4E10-ADB2-81788AA58267}.Debug|x64.Build.0 = Debug|Any CPU
		{98FD90DF-D2A1-4E10-ADB2-81788AA58267}.Debug|x64.Deploy.0 = Debug|Any CPU
		{98FD90DF-D2A1-4E10-ADB2-81788AA58267}.Debug|x86.ActiveCfg = Debug|Any CPU
		{98FD90DF-D2A1-4E10-ADB2-81788AA58267}.Debug|x86.Build.0 = Debug|Any CPU
		{98FD90DF-D2A1-4E10-ADB2-81788AA58267}.Debug|x86.Deploy.0 = Debug|Any CPU
		{98FD90DF-D2A1-4E10-ADB2-81788AA58267}.Release|Any CPU.ActiveCfg = Release|Any CPU
		{98FD90DF-D2A1-4E10-ADB2-81788AA58267}.Release|Any CPU.Build.0 = Release|Any CPU
		{98FD90DF-D2A1-4E10-ADB2-81788AA58267}.Release|Any CPU.Deploy.0 = Release|Any CPU
		{98FD90DF-D2A1-4E10-ADB2-81788AA58267}.Release|ARM.ActiveCfg = Release|Any CPU
		{98FD90DF-D2A1-4E10-ADB2-81788AA58267}.Release|ARM.Build.0 = Release|Any CPU
		{98FD90DF-D2A1-4E10-ADB2-81788AA58267}.Release|ARM.Deploy.0 = Release|Any CPU
		{98FD90DF-D2A1-4E10-ADB2-81788AA58267}.Release|iPhone.ActiveCfg = Release|Any CPU
		{98FD90DF-D2A1-4E10-ADB2-81788AA58267}.Release|iPhone.Build.0 = Release|Any CPU
		{98FD90DF-D2A1-4E10-ADB2-81788AA58267}.Release|iPhone.Deploy.0 = Release|Any CPU
		{98FD90DF-D2A1-4E10-ADB2-81788AA58267}.Release|iPhoneSimulator.ActiveCfg = Release|Any CPU
		{98FD90DF-D2A1-4E10-ADB2-81788AA58267}.Release|iPhoneSimulator.Build.0 = Release|Any CPU
		{98FD90DF-D2A1-4E10-ADB2-81788AA58267}.Release|iPhoneSimulator.Deploy.0 = Release|Any CPU
		{98FD90DF-D2A1-4E10-ADB2-81788AA58267}.Release|x64.ActiveCfg = Release|Any CPU
		{98FD90DF-D2A1-4E10-ADB2-81788AA58267}.Release|x64.Build.0 = Release|Any CPU
		{98FD90DF-D2A1-4E10-ADB2-81788AA58267}.Release|x64.Deploy.0 = Release|Any CPU
		{98FD90DF-D2A1-4E10-ADB2-81788AA58267}.Release|x86.ActiveCfg = Release|Any CPU
		{98FD90DF-D2A1-4E10-ADB2-81788AA58267}.Release|x86.Build.0 = Release|Any CPU
		{98FD90DF-D2A1-4E10-ADB2-81788AA58267}.Release|x86.Deploy.0 = Release|Any CPU
		{935A3BAC-D295-4506-9FE9-C67F66154058}.Ad-Hoc|Any CPU.ActiveCfg = Ad-Hoc|iPhone
		{935A3BAC-D295-4506-9FE9-C67F66154058}.Ad-Hoc|ARM.ActiveCfg = Ad-Hoc|iPhone
		{935A3BAC-D295-4506-9FE9-C67F66154058}.Ad-Hoc|iPhone.ActiveCfg = Ad-Hoc|iPhone
		{935A3BAC-D295-4506-9FE9-C67F66154058}.Ad-Hoc|iPhone.Build.0 = Ad-Hoc|iPhone
		{935A3BAC-D295-4506-9FE9-C67F66154058}.Ad-Hoc|iPhoneSimulator.ActiveCfg = Ad-Hoc|iPhoneSimulator
		{935A3BAC-D295-4506-9FE9-C67F66154058}.Ad-Hoc|iPhoneSimulator.Build.0 = Ad-Hoc|iPhoneSimulator
		{935A3BAC-D295-4506-9FE9-C67F66154058}.Ad-Hoc|x64.ActiveCfg = Ad-Hoc|iPhone
		{935A3BAC-D295-4506-9FE9-C67F66154058}.Ad-Hoc|x86.ActiveCfg = Ad-Hoc|iPhone
		{935A3BAC-D295-4506-9FE9-C67F66154058}.AppStore|Any CPU.ActiveCfg = AppStore|iPhone
		{935A3BAC-D295-4506-9FE9-C67F66154058}.AppStore|ARM.ActiveCfg = AppStore|iPhone
		{935A3BAC-D295-4506-9FE9-C67F66154058}.AppStore|iPhone.ActiveCfg = AppStore|iPhone
		{935A3BAC-D295-4506-9FE9-C67F66154058}.AppStore|iPhone.Build.0 = AppStore|iPhone
		{935A3BAC-D295-4506-9FE9-C67F66154058}.AppStore|iPhoneSimulator.ActiveCfg = AppStore|iPhoneSimulator
		{935A3BAC-D295-4506-9FE9-C67F66154058}.AppStore|iPhoneSimulator.Build.0 = AppStore|iPhoneSimulator
		{935A3BAC-D295-4506-9FE9-C67F66154058}.AppStore|x64.ActiveCfg = AppStore|iPhone
		{935A3BAC-D295-4506-9FE9-C67F66154058}.AppStore|x86.ActiveCfg = AppStore|iPhone
		{935A3BAC-D295-4506-9FE9-C67F66154058}.Debug|Any CPU.ActiveCfg = Debug|iPhone
		{935A3BAC-D295-4506-9FE9-C67F66154058}.Debug|ARM.ActiveCfg = Debug|iPhone
		{935A3BAC-D295-4506-9FE9-C67F66154058}.Debug|iPhone.ActiveCfg = Debug|iPhone
		{935A3BAC-D295-4506-9FE9-C67F66154058}.Debug|iPhone.Build.0 = Debug|iPhone
		{935A3BAC-D295-4506-9FE9-C67F66154058}.Debug|iPhoneSimulator.ActiveCfg = Debug|iPhoneSimulator
		{935A3BAC-D295-4506-9FE9-C67F66154058}.Debug|iPhoneSimulator.Build.0 = Debug|iPhoneSimulator
		{935A3BAC-D295-4506-9FE9-C67F66154058}.Debug|x64.ActiveCfg = Debug|iPhone
		{935A3BAC-D295-4506-9FE9-C67F66154058}.Debug|x86.ActiveCfg = Debug|iPhone
		{935A3BAC-D295-4506-9FE9-C67F66154058}.Release|Any CPU.ActiveCfg = Release|iPhone
		{935A3BAC-D295-4506-9FE9-C67F66154058}.Release|ARM.ActiveCfg = Release|iPhone
		{935A3BAC-D295-4506-9FE9-C67F66154058}.Release|iPhone.ActiveCfg = Release|iPhone
		{935A3BAC-D295-4506-9FE9-C67F66154058}.Release|iPhone.Build.0 = Release|iPhone
		{935A3BAC-D295-4506-9FE9-C67F66154058}.Release|iPhoneSimulator.ActiveCfg = Release|iPhoneSimulator
		{935A3BAC-D295-4506-9FE9-C67F66154058}.Release|iPhoneSimulator.Build.0 = Release|iPhoneSimulator
		{935A3BAC-D295-4506-9FE9-C67F66154058}.Release|x64.ActiveCfg = Release|iPhone
		{935A3BAC-D295-4506-9FE9-C67F66154058}.Release|x86.ActiveCfg = Release|iPhone
		{5B49B042-3D15-4AE3-887E-764D0936474D}.Ad-Hoc|Any CPU.ActiveCfg = Release|Any CPU
		{5B49B042-3D15-4AE3-887E-764D0936474D}.Ad-Hoc|Any CPU.Build.0 = Release|Any CPU
		{5B49B042-3D15-4AE3-887E-764D0936474D}.Ad-Hoc|Any CPU.Deploy.0 = Release|Any CPU
		{5B49B042-3D15-4AE3-887E-764D0936474D}.Ad-Hoc|ARM.ActiveCfg = Release|ARM
		{5B49B042-3D15-4AE3-887E-764D0936474D}.Ad-Hoc|ARM.Build.0 = Release|ARM
		{5B49B042-3D15-4AE3-887E-764D0936474D}.Ad-Hoc|ARM.Deploy.0 = Release|ARM
		{5B49B042-3D15-4AE3-887E-764D0936474D}.Ad-Hoc|iPhone.ActiveCfg = Release|Any CPU
		{5B49B042-3D15-4AE3-887E-764D0936474D}.Ad-Hoc|iPhone.Build.0 = Release|Any CPU
		{5B49B042-3D15-4AE3-887E-764D0936474D}.Ad-Hoc|iPhone.Deploy.0 = Release|Any CPU
		{5B49B042-3D15-4AE3-887E-764D0936474D}.Ad-Hoc|iPhoneSimulator.ActiveCfg = Release|Any CPU
		{5B49B042-3D15-4AE3-887E-764D0936474D}.Ad-Hoc|iPhoneSimulator.Build.0 = Release|Any CPU
		{5B49B042-3D15-4AE3-887E-764D0936474D}.Ad-Hoc|iPhoneSimulator.Deploy.0 = Release|Any CPU
		{5B49B042-3D15-4AE3-887E-764D0936474D}.Ad-Hoc|x64.ActiveCfg = Release|Any CPU
		{5B49B042-3D15-4AE3-887E-764D0936474D}.Ad-Hoc|x64.Build.0 = Release|Any CPU
		{5B49B042-3D15-4AE3-887E-764D0936474D}.Ad-Hoc|x64.Deploy.0 = Release|Any CPU
		{5B49B042-3D15-4AE3-887E-764D0936474D}.Ad-Hoc|x86.ActiveCfg = Release|x86
		{5B49B042-3D15-4AE3-887E-764D0936474D}.Ad-Hoc|x86.Build.0 = Release|x86
		{5B49B042-3D15-4AE3-887E-764D0936474D}.Ad-Hoc|x86.Deploy.0 = Release|x86
		{5B49B042-3D15-4AE3-887E-764D0936474D}.AppStore|Any CPU.ActiveCfg = Release|Any CPU
		{5B49B042-3D15-4AE3-887E-764D0936474D}.AppStore|Any CPU.Build.0 = Release|Any CPU
		{5B49B042-3D15-4AE3-887E-764D0936474D}.AppStore|Any CPU.Deploy.0 = Release|Any CPU
		{5B49B042-3D15-4AE3-887E-764D0936474D}.AppStore|ARM.ActiveCfg = Release|ARM
		{5B49B042-3D15-4AE3-887E-764D0936474D}.AppStore|ARM.Build.0 = Release|ARM
		{5B49B042-3D15-4AE3-887E-764D0936474D}.AppStore|ARM.Deploy.0 = Release|ARM
		{5B49B042-3D15-4AE3-887E-764D0936474D}.AppStore|iPhone.ActiveCfg = Release|Any CPU
		{5B49B042-3D15-4AE3-887E-764D0936474D}.AppStore|iPhone.Build.0 = Release|Any CPU
		{5B49B042-3D15-4AE3-887E-764D0936474D}.AppStore|iPhone.Deploy.0 = Release|Any CPU
		{5B49B042-3D15-4AE3-887E-764D0936474D}.AppStore|iPhoneSimulator.ActiveCfg = Release|Any CPU
		{5B49B042-3D15-4AE3-887E-764D0936474D}.AppStore|iPhoneSimulator.Build.0 = Release|Any CPU
		{5B49B042-3D15-4AE3-887E-764D0936474D}.AppStore|iPhoneSimulator.Deploy.0 = Release|Any CPU
		{5B49B042-3D15-4AE3-887E-764D0936474D}.AppStore|x64.ActiveCfg = Release|Any CPU
		{5B49B042-3D15-4AE3-887E-764D0936474D}.AppStore|x64.Build.0 = Release|Any CPU
		{5B49B042-3D15-4AE3-887E-764D0936474D}.AppStore|x64.Deploy.0 = Release|Any CPU
		{5B49B042-3D15-4AE3-887E-764D0936474D}.AppStore|x86.ActiveCfg = Release|x86
		{5B49B042-3D15-4AE3-887E-764D0936474D}.AppStore|x86.Build.0 = Release|x86
		{5B49B042-3D15-4AE3-887E-764D0936474D}.AppStore|x86.Deploy.0 = Release|x86
		{5B49B042-3D15-4AE3-887E-764D0936474D}.Debug|Any CPU.ActiveCfg = Debug|Any CPU
		{5B49B042-3D15-4AE3-887E-764D0936474D}.Debug|Any CPU.Build.0 = Debug|Any CPU
		{5B49B042-3D15-4AE3-887E-764D0936474D}.Debug|Any CPU.Deploy.0 = Debug|Any CPU
		{5B49B042-3D15-4AE3-887E-764D0936474D}.Debug|ARM.ActiveCfg = Debug|ARM
		{5B49B042-3D15-4AE3-887E-764D0936474D}.Debug|ARM.Build.0 = Debug|ARM
		{5B49B042-3D15-4AE3-887E-764D0936474D}.Debug|ARM.Deploy.0 = Debug|ARM
		{5B49B042-3D15-4AE3-887E-764D0936474D}.Debug|iPhone.ActiveCfg = Debug|Any CPU
		{5B49B042-3D15-4AE3-887E-764D0936474D}.Debug|iPhone.Build.0 = Debug|Any CPU
		{5B49B042-3D15-4AE3-887E-764D0936474D}.Debug|iPhone.Deploy.0 = Debug|Any CPU
		{5B49B042-3D15-4AE3-887E-764D0936474D}.Debug|iPhoneSimulator.ActiveCfg = Debug|Any CPU
		{5B49B042-3D15-4AE3-887E-764D0936474D}.Debug|iPhoneSimulator.Build.0 = Debug|Any CPU
		{5B49B042-3D15-4AE3-887E-764D0936474D}.Debug|iPhoneSimulator.Deploy.0 = Debug|Any CPU
		{5B49B042-3D15-4AE3-887E-764D0936474D}.Debug|x64.ActiveCfg = Debug|Any CPU
		{5B49B042-3D15-4AE3-887E-764D0936474D}.Debug|x64.Build.0 = Debug|Any CPU
		{5B49B042-3D15-4AE3-887E-764D0936474D}.Debug|x64.Deploy.0 = Debug|Any CPU
		{5B49B042-3D15-4AE3-887E-764D0936474D}.Debug|x86.ActiveCfg = Debug|x86
		{5B49B042-3D15-4AE3-887E-764D0936474D}.Debug|x86.Build.0 = Debug|x86
		{5B49B042-3D15-4AE3-887E-764D0936474D}.Debug|x86.Deploy.0 = Debug|x86
		{5B49B042-3D15-4AE3-887E-764D0936474D}.Release|Any CPU.ActiveCfg = Release|Any CPU
		{5B49B042-3D15-4AE3-887E-764D0936474D}.Release|Any CPU.Build.0 = Release|Any CPU
		{5B49B042-3D15-4AE3-887E-764D0936474D}.Release|Any CPU.Deploy.0 = Release|Any CPU
		{5B49B042-3D15-4AE3-887E-764D0936474D}.Release|ARM.ActiveCfg = Release|ARM
		{5B49B042-3D15-4AE3-887E-764D0936474D}.Release|ARM.Build.0 = Release|ARM
		{5B49B042-3D15-4AE3-887E-764D0936474D}.Release|ARM.Deploy.0 = Release|ARM
		{5B49B042-3D15-4AE3-887E-764D0936474D}.Release|iPhone.ActiveCfg = Release|Any CPU
		{5B49B042-3D15-4AE3-887E-764D0936474D}.Release|iPhone.Build.0 = Release|Any CPU
		{5B49B042-3D15-4AE3-887E-764D0936474D}.Release|iPhone.Deploy.0 = Release|Any CPU
		{5B49B042-3D15-4AE3-887E-764D0936474D}.Release|iPhoneSimulator.ActiveCfg = Release|Any CPU
		{5B49B042-3D15-4AE3-887E-764D0936474D}.Release|iPhoneSimulator.Build.0 = Release|Any CPU
		{5B49B042-3D15-4AE3-887E-764D0936474D}.Release|iPhoneSimulator.Deploy.0 = Release|Any CPU
		{5B49B042-3D15-4AE3-887E-764D0936474D}.Release|x64.ActiveCfg = Release|Any CPU
		{5B49B042-3D15-4AE3-887E-764D0936474D}.Release|x64.Build.0 = Release|Any CPU
		{5B49B042-3D15-4AE3-887E-764D0936474D}.Release|x64.Deploy.0 = Release|Any CPU
		{5B49B042-3D15-4AE3-887E-764D0936474D}.Release|x86.ActiveCfg = Release|x86
		{5B49B042-3D15-4AE3-887E-764D0936474D}.Release|x86.Build.0 = Release|x86
		{5B49B042-3D15-4AE3-887E-764D0936474D}.Release|x86.Deploy.0 = Release|x86
		{F08FDFD7-4776-4469-A7DC-F05B85C7D466}.Ad-Hoc|Any CPU.ActiveCfg = Release|x86
		{F08FDFD7-4776-4469-A7DC-F05B85C7D466}.Ad-Hoc|Any CPU.Build.0 = Release|x86
		{F08FDFD7-4776-4469-A7DC-F05B85C7D466}.Ad-Hoc|Any CPU.Deploy.0 = Release|x86
		{F08FDFD7-4776-4469-A7DC-F05B85C7D466}.Ad-Hoc|ARM.ActiveCfg = Release|ARM
		{F08FDFD7-4776-4469-A7DC-F05B85C7D466}.Ad-Hoc|ARM.Build.0 = Release|ARM
		{F08FDFD7-4776-4469-A7DC-F05B85C7D466}.Ad-Hoc|ARM.Deploy.0 = Release|ARM
		{F08FDFD7-4776-4469-A7DC-F05B85C7D466}.Ad-Hoc|iPhone.ActiveCfg = Release|x86
		{F08FDFD7-4776-4469-A7DC-F05B85C7D466}.Ad-Hoc|iPhone.Build.0 = Release|x86
		{F08FDFD7-4776-4469-A7DC-F05B85C7D466}.Ad-Hoc|iPhone.Deploy.0 = Release|x86
		{F08FDFD7-4776-4469-A7DC-F05B85C7D466}.Ad-Hoc|iPhoneSimulator.ActiveCfg = Release|x86
		{F08FDFD7-4776-4469-A7DC-F05B85C7D466}.Ad-Hoc|iPhoneSimulator.Build.0 = Release|x86
		{F08FDFD7-4776-4469-A7DC-F05B85C7D466}.Ad-Hoc|iPhoneSimulator.Deploy.0 = Release|x86
		{F08FDFD7-4776-4469-A7DC-F05B85C7D466}.Ad-Hoc|x64.ActiveCfg = Release|x64
		{F08FDFD7-4776-4469-A7DC-F05B85C7D466}.Ad-Hoc|x64.Build.0 = Release|x64
		{F08FDFD7-4776-4469-A7DC-F05B85C7D466}.Ad-Hoc|x64.Deploy.0 = Release|x64
		{F08FDFD7-4776-4469-A7DC-F05B85C7D466}.Ad-Hoc|x86.ActiveCfg = Release|x86
		{F08FDFD7-4776-4469-A7DC-F05B85C7D466}.Ad-Hoc|x86.Build.0 = Release|x86
		{F08FDFD7-4776-4469-A7DC-F05B85C7D466}.Ad-Hoc|x86.Deploy.0 = Release|x86
		{F08FDFD7-4776-4469-A7DC-F05B85C7D466}.AppStore|Any CPU.ActiveCfg = Release|x86
		{F08FDFD7-4776-4469-A7DC-F05B85C7D466}.AppStore|Any CPU.Build.0 = Release|x86
		{F08FDFD7-4776-4469-A7DC-F05B85C7D466}.AppStore|Any CPU.Deploy.0 = Release|x86
		{F08FDFD7-4776-4469-A7DC-F05B85C7D466}.AppStore|ARM.ActiveCfg = Release|ARM
		{F08FDFD7-4776-4469-A7DC-F05B85C7D466}.AppStore|ARM.Build.0 = Release|ARM
		{F08FDFD7-4776-4469-A7DC-F05B85C7D466}.AppStore|ARM.Deploy.0 = Release|ARM
		{F08FDFD7-4776-4469-A7DC-F05B85C7D466}.AppStore|iPhone.ActiveCfg = Release|x86
		{F08FDFD7-4776-4469-A7DC-F05B85C7D466}.AppStore|iPhone.Build.0 = Release|x86
		{F08FDFD7-4776-4469-A7DC-F05B85C7D466}.AppStore|iPhone.Deploy.0 = Release|x86
		{F08FDFD7-4776-4469-A7DC-F05B85C7D466}.AppStore|iPhoneSimulator.ActiveCfg = Release|x86
		{F08FDFD7-4776-4469-A7DC-F05B85C7D466}.AppStore|iPhoneSimulator.Build.0 = Release|x86
		{F08FDFD7-4776-4469-A7DC-F05B85C7D466}.AppStore|iPhoneSimulator.Deploy.0 = Release|x86
		{F08FDFD7-4776-4469-A7DC-F05B85C7D466}.AppStore|x64.ActiveCfg = Release|x64
		{F08FDFD7-4776-4469-A7DC-F05B85C7D466}.AppStore|x64.Build.0 = Release|x64
		{F08FDFD7-4776-4469-A7DC-F05B85C7D466}.AppStore|x64.Deploy.0 = Release|x64
		{F08FDFD7-4776-4469-A7DC-F05B85C7D466}.AppStore|x86.ActiveCfg = Release|x86
		{F08FDFD7-4776-4469-A7DC-F05B85C7D466}.AppStore|x86.Build.0 = Release|x86
		{F08FDFD7-4776-4469-A7DC-F05B85C7D466}.AppStore|x86.Deploy.0 = Release|x86
		{F08FDFD7-4776-4469-A7DC-F05B85C7D466}.Debug|Any CPU.ActiveCfg = Debug|x86
		{F08FDFD7-4776-4469-A7DC-F05B85C7D466}.Debug|ARM.ActiveCfg = Debug|ARM
		{F08FDFD7-4776-4469-A7DC-F05B85C7D466}.Debug|ARM.Build.0 = Debug|ARM
		{F08FDFD7-4776-4469-A7DC-F05B85C7D466}.Debug|ARM.Deploy.0 = Debug|ARM
		{F08FDFD7-4776-4469-A7DC-F05B85C7D466}.Debug|iPhone.ActiveCfg = Debug|x86
		{F08FDFD7-4776-4469-A7DC-F05B85C7D466}.Debug|iPhoneSimulator.ActiveCfg = Debug|x86
		{F08FDFD7-4776-4469-A7DC-F05B85C7D466}.Debug|x64.ActiveCfg = Debug|x64
		{F08FDFD7-4776-4469-A7DC-F05B85C7D466}.Debug|x64.Build.0 = Debug|x64
		{F08FDFD7-4776-4469-A7DC-F05B85C7D466}.Debug|x64.Deploy.0 = Debug|x64
		{F08FDFD7-4776-4469-A7DC-F05B85C7D466}.Debug|x86.ActiveCfg = Debug|x86
		{F08FDFD7-4776-4469-A7DC-F05B85C7D466}.Debug|x86.Build.0 = Debug|x86
		{F08FDFD7-4776-4469-A7DC-F05B85C7D466}.Debug|x86.Deploy.0 = Debug|x86
		{F08FDFD7-4776-4469-A7DC-F05B85C7D466}.Release|Any CPU.ActiveCfg = Release|x86
		{F08FDFD7-4776-4469-A7DC-F05B85C7D466}.Release|ARM.ActiveCfg = Release|ARM
		{F08FDFD7-4776-4469-A7DC-F05B85C7D466}.Release|ARM.Build.0 = Release|ARM
		{F08FDFD7-4776-4469-A7DC-F05B85C7D466}.Release|ARM.Deploy.0 = Release|ARM
		{F08FDFD7-4776-4469-A7DC-F05B85C7D466}.Release|iPhone.ActiveCfg = Release|x86
		{F08FDFD7-4776-4469-A7DC-F05B85C7D466}.Release|iPhoneSimulator.ActiveCfg = Release|x86
		{F08FDFD7-4776-4469-A7DC-F05B85C7D466}.Release|x64.ActiveCfg = Release|x64
		{F08FDFD7-4776-4469-A7DC-F05B85C7D466}.Release|x64.Build.0 = Release|x64
		{F08FDFD7-4776-4469-A7DC-F05B85C7D466}.Release|x64.Deploy.0 = Release|x64
		{F08FDFD7-4776-4469-A7DC-F05B85C7D466}.Release|x86.ActiveCfg = Release|x86
		{F08FDFD7-4776-4469-A7DC-F05B85C7D466}.Release|x86.Build.0 = Release|x86
		{F08FDFD7-4776-4469-A7DC-F05B85C7D466}.Release|x86.Deploy.0 = Release|x86
		{012766D7-CE7A-460F-99A0-3A0F27DCB592}.Ad-Hoc|Any CPU.ActiveCfg = Release|Any CPU
		{012766D7-CE7A-460F-99A0-3A0F27DCB592}.Ad-Hoc|Any CPU.Build.0 = Release|Any CPU
		{012766D7-CE7A-460F-99A0-3A0F27DCB592}.Ad-Hoc|Any CPU.Deploy.0 = Release|Any CPU
		{012766D7-CE7A-460F-99A0-3A0F27DCB592}.Ad-Hoc|ARM.ActiveCfg = Release|ARM
		{012766D7-CE7A-460F-99A0-3A0F27DCB592}.Ad-Hoc|ARM.Build.0 = Release|ARM
		{012766D7-CE7A-460F-99A0-3A0F27DCB592}.Ad-Hoc|ARM.Deploy.0 = Release|ARM
		{012766D7-CE7A-460F-99A0-3A0F27DCB592}.Ad-Hoc|iPhone.ActiveCfg = Release|Any CPU
		{012766D7-CE7A-460F-99A0-3A0F27DCB592}.Ad-Hoc|iPhone.Build.0 = Release|Any CPU
		{012766D7-CE7A-460F-99A0-3A0F27DCB592}.Ad-Hoc|iPhone.Deploy.0 = Release|Any CPU
		{012766D7-CE7A-460F-99A0-3A0F27DCB592}.Ad-Hoc|iPhoneSimulator.ActiveCfg = Release|Any CPU
		{012766D7-CE7A-460F-99A0-3A0F27DCB592}.Ad-Hoc|iPhoneSimulator.Build.0 = Release|Any CPU
		{012766D7-CE7A-460F-99A0-3A0F27DCB592}.Ad-Hoc|iPhoneSimulator.Deploy.0 = Release|Any CPU
		{012766D7-CE7A-460F-99A0-3A0F27DCB592}.Ad-Hoc|x64.ActiveCfg = Release|x64
		{012766D7-CE7A-460F-99A0-3A0F27DCB592}.Ad-Hoc|x64.Build.0 = Release|x64
		{012766D7-CE7A-460F-99A0-3A0F27DCB592}.Ad-Hoc|x64.Deploy.0 = Release|x64
		{012766D7-CE7A-460F-99A0-3A0F27DCB592}.Ad-Hoc|x86.ActiveCfg = Release|x86
		{012766D7-CE7A-460F-99A0-3A0F27DCB592}.Ad-Hoc|x86.Build.0 = Release|x86
		{012766D7-CE7A-460F-99A0-3A0F27DCB592}.Ad-Hoc|x86.Deploy.0 = Release|x86
		{012766D7-CE7A-460F-99A0-3A0F27DCB592}.AppStore|Any CPU.ActiveCfg = Release|Any CPU
		{012766D7-CE7A-460F-99A0-3A0F27DCB592}.AppStore|Any CPU.Build.0 = Release|Any CPU
		{012766D7-CE7A-460F-99A0-3A0F27DCB592}.AppStore|Any CPU.Deploy.0 = Release|Any CPU
		{012766D7-CE7A-460F-99A0-3A0F27DCB592}.AppStore|ARM.ActiveCfg = Release|ARM
		{012766D7-CE7A-460F-99A0-3A0F27DCB592}.AppStore|ARM.Build.0 = Release|ARM
		{012766D7-CE7A-460F-99A0-3A0F27DCB592}.AppStore|ARM.Deploy.0 = Release|ARM
		{012766D7-CE7A-460F-99A0-3A0F27DCB592}.AppStore|iPhone.ActiveCfg = Release|Any CPU
		{012766D7-CE7A-460F-99A0-3A0F27DCB592}.AppStore|iPhone.Build.0 = Release|Any CPU
		{012766D7-CE7A-460F-99A0-3A0F27DCB592}.AppStore|iPhone.Deploy.0 = Release|Any CPU
		{012766D7-CE7A-460F-99A0-3A0F27DCB592}.AppStore|iPhoneSimulator.ActiveCfg = Release|Any CPU
		{012766D7-CE7A-460F-99A0-3A0F27DCB592}.AppStore|iPhoneSimulator.Build.0 = Release|Any CPU
		{012766D7-CE7A-460F-99A0-3A0F27DCB592}.AppStore|iPhoneSimulator.Deploy.0 = Release|Any CPU
		{012766D7-CE7A-460F-99A0-3A0F27DCB592}.AppStore|x64.ActiveCfg = Release|x64
		{012766D7-CE7A-460F-99A0-3A0F27DCB592}.AppStore|x64.Build.0 = Release|x64
		{012766D7-CE7A-460F-99A0-3A0F27DCB592}.AppStore|x64.Deploy.0 = Release|x64
		{012766D7-CE7A-460F-99A0-3A0F27DCB592}.AppStore|x86.ActiveCfg = Release|x86
		{012766D7-CE7A-460F-99A0-3A0F27DCB592}.AppStore|x86.Build.0 = Release|x86
		{012766D7-CE7A-460F-99A0-3A0F27DCB592}.AppStore|x86.Deploy.0 = Release|x86
		{012766D7-CE7A-460F-99A0-3A0F27DCB592}.Debug|Any CPU.ActiveCfg = Debug|Any CPU
		{012766D7-CE7A-460F-99A0-3A0F27DCB592}.Debug|Any CPU.Build.0 = Debug|Any CPU
		{012766D7-CE7A-460F-99A0-3A0F27DCB592}.Debug|Any CPU.Deploy.0 = Debug|Any CPU
		{012766D7-CE7A-460F-99A0-3A0F27DCB592}.Debug|ARM.ActiveCfg = Debug|ARM
		{012766D7-CE7A-460F-99A0-3A0F27DCB592}.Debug|ARM.Build.0 = Debug|ARM
		{012766D7-CE7A-460F-99A0-3A0F27DCB592}.Debug|ARM.Deploy.0 = Debug|ARM
		{012766D7-CE7A-460F-99A0-3A0F27DCB592}.Debug|iPhone.ActiveCfg = Debug|Any CPU
		{012766D7-CE7A-460F-99A0-3A0F27DCB592}.Debug|iPhone.Build.0 = Debug|Any CPU
		{012766D7-CE7A-460F-99A0-3A0F27DCB592}.Debug|iPhone.Deploy.0 = Debug|Any CPU
		{012766D7-CE7A-460F-99A0-3A0F27DCB592}.Debug|iPhoneSimulator.ActiveCfg = Debug|Any CPU
		{012766D7-CE7A-460F-99A0-3A0F27DCB592}.Debug|iPhoneSimulator.Build.0 = Debug|Any CPU
		{012766D7-CE7A-460F-99A0-3A0F27DCB592}.Debug|iPhoneSimulator.Deploy.0 = Debug|Any CPU
		{012766D7-CE7A-460F-99A0-3A0F27DCB592}.Debug|x64.ActiveCfg = Debug|x64
		{012766D7-CE7A-460F-99A0-3A0F27DCB592}.Debug|x64.Build.0 = Debug|x64
		{012766D7-CE7A-460F-99A0-3A0F27DCB592}.Debug|x64.Deploy.0 = Debug|x64
		{012766D7-CE7A-460F-99A0-3A0F27DCB592}.Debug|x86.ActiveCfg = Debug|x86
		{012766D7-CE7A-460F-99A0-3A0F27DCB592}.Debug|x86.Build.0 = Debug|x86
		{012766D7-CE7A-460F-99A0-3A0F27DCB592}.Debug|x86.Deploy.0 = Debug|x86
		{012766D7-CE7A-460F-99A0-3A0F27DCB592}.Release|Any CPU.ActiveCfg = Release|Any CPU
		{012766D7-CE7A-460F-99A0-3A0F27DCB592}.Release|Any CPU.Build.0 = Release|Any CPU
		{012766D7-CE7A-460F-99A0-3A0F27DCB592}.Release|Any CPU.Deploy.0 = Release|Any CPU
		{012766D7-CE7A-460F-99A0-3A0F27DCB592}.Release|ARM.ActiveCfg = Release|ARM
		{012766D7-CE7A-460F-99A0-3A0F27DCB592}.Release|ARM.Build.0 = Release|ARM
		{012766D7-CE7A-460F-99A0-3A0F27DCB592}.Release|ARM.Deploy.0 = Release|ARM
		{012766D7-CE7A-460F-99A0-3A0F27DCB592}.Release|iPhone.ActiveCfg = Release|Any CPU
		{012766D7-CE7A-460F-99A0-3A0F27DCB592}.Release|iPhone.Build.0 = Release|Any CPU
		{012766D7-CE7A-460F-99A0-3A0F27DCB592}.Release|iPhone.Deploy.0 = Release|Any CPU
		{012766D7-CE7A-460F-99A0-3A0F27DCB592}.Release|iPhoneSimulator.ActiveCfg = Release|Any CPU
		{012766D7-CE7A-460F-99A0-3A0F27DCB592}.Release|iPhoneSimulator.Build.0 = Release|Any CPU
		{012766D7-CE7A-460F-99A0-3A0F27DCB592}.Release|iPhoneSimulator.Deploy.0 = Release|Any CPU
		{012766D7-CE7A-460F-99A0-3A0F27DCB592}.Release|x64.ActiveCfg = Release|x64
		{012766D7-CE7A-460F-99A0-3A0F27DCB592}.Release|x64.Build.0 = Release|x64
		{012766D7-CE7A-460F-99A0-3A0F27DCB592}.Release|x64.Deploy.0 = Release|x64
		{012766D7-CE7A-460F-99A0-3A0F27DCB592}.Release|x86.ActiveCfg = Release|x86
		{012766D7-CE7A-460F-99A0-3A0F27DCB592}.Release|x86.Build.0 = Release|x86
		{012766D7-CE7A-460F-99A0-3A0F27DCB592}.Release|x86.Deploy.0 = Release|x86
	EndGlobalSection
	GlobalSection(SolutionProperties) = preSolution
		HideSolutionNode = FALSE
	EndGlobalSection
EndGlobal
